
Microsoft Visual Studio Solution File, Format Version 12.00
# Visual Studio Version 17
VisualStudioVersion = 17.13.35913.81
MinimumVisualStudioVersion = 10.0.40219.1
Project("{FAE04EC0-301F-11D3-BF4B-00C04F79EFBC}") = "AppQuyt", "FormAppQuyt\AppQuyt.csproj", "{15D3DEB6-02F4-43F8-AA5F-5F570244A2F5}"
EndProject
Project("{FAE04EC0-301F-11D3-BF4B-00C04F79EFBC}") = "Server", "ConsoleApp1\Server.csproj", "{D57D3D20-BDC9-4512-AC67-330367E2A023}"
EndProject
Global
	GlobalSection(SolutionConfigurationPlatforms) = preSolution
		Debug|Any CPU = Debug|Any CPU
		Release|Any CPU = Release|Any CPU
	EndGlobalSection
	GlobalSection(ProjectConfigurationPlatforms) = postSolution
		{15D3DEB6-02F4-43F8-AA5F-5F570244A2F5}.Debug|Any CPU.ActiveCfg = Debug|Any CPU
		{15D3DEB6-02F4-43F8-AA5F-5F570244A2F5}.Debug|Any CPU.Build.0 = Debug|Any CPU
		{15D3DEB6-02F4-43F8-AA5F-5F570244A2F5}.Release|Any CPU.ActiveCfg = Release|Any CPU
		{15D3DEB6-02F4-43F8-AA5F-5F570244A2F5}.Release|Any CPU.Build.0 = Release|Any CPU
		{D57D3D20-BDC9-4512-AC67-330367E2A023}.Debug|Any CPU.ActiveCfg = Debug|Any CPU
		{D57D3D20-BDC9-4512-AC67-330367E2A023}.Debug|Any CPU.Build.0 = Debug|Any CPU
		{D57D3D20-BDC9-4512-AC67-330367E2A023}.Release|Any CPU.ActiveCfg = Release|Any CPU
		{D57D3D20-BDC9-4512-AC67-330367E2A023}.Release|Any CPU.Build.0 = Release|Any CPU
	EndGlobalSection
	GlobalSection(SolutionProperties) = preSolution
		HideSolutionNode = FALSE
	EndGlobalSection
	GlobalSection(ExtensibilityGlobals) = postSolution
		SolutionGuid = {090E4225-7CBC-4DAA-8850-1C16B7F0808C}
	EndGlobalSection
EndGlobal
